
Microsoft Visual Studio Solution File, Format Version 12.00
# Visual Studio 14
VisualStudioVersion = 14.0.25123.0
MinimumVisualStudioVersion = 10.0.40219.1
Project("{FAE04EC0-301F-11D3-BF4B-00C04F79EFBC}") = "TestApiClientUI", "TestClients\TestApiClientUI\TestApiClientUI.csproj", "{663CC515-EAAE-47D4-8933-5008C2DA1160}"
EndProject
Project("{FAE04EC0-301F-11D3-BF4B-00C04F79EFBC}") = "MTApiService", "MTApiService\MTApiService.csproj", "{DE76D5C7-B99C-4467-8408-78173BDD84E0}"
EndProject
Project("{8BC9CEB8-8B4A-11D0-8D11-00A0C91BC942}") = "MTConnector", "MTConnector\MTConnector.vcxproj", "{2BE5FAC1-7FB7-45C3-9215-31A5BC4B964F}"
EndProject
Project("{FAE04EC0-301F-11D3-BF4B-00C04F79EFBC}") = "MtApi", "MtApi\MtApi.csproj", "{7A76C388-A8FB-4949-8170-24D4742E934E}"
EndProject
Project("{FAE04EC0-301F-11D3-BF4B-00C04F79EFBC}") = "MtApi5", "MtApi5\MtApi5.csproj", "{AC8B5010-DA75-477E-9CA5-547C649E12D8}"
EndProject
Project("{8BC9CEB8-8B4A-11D0-8D11-00A0C91BC942}") = "MT5Connector", "MT5Connector\MT5Connector.vcxproj", "{CB6D4A3E-2F2E-4C67-929D-3C2A8FD1C556}"
EndProject
Project("{FAE04EC0-301F-11D3-BF4B-00C04F79EFBC}") = "MtApi5TestClient", "TestClients\MtApi5TestClient\MtApi5TestClient.csproj", "{38B9C657-BC2F-44F0-8824-54B31F2A64F5}"
EndProject
Project("{F184B08F-C81C-45F6-A57F-5ABD9991F28F}") = "TestMtApi", "TestClients\TestMtApi\TestMtApi\TestMtApi.vbproj", "{EB7C228D-9494-4985-845E-B8312450DF3D}"
EndProject
Project("{930C7802-8A8C-48F9-8165-68863BCCD9DD}") = "MtApiInstaller", "MtApiInstaller\MtApiInstaller.wixproj", "{78B94552-DB17-40EC-B7C6-23D32DB85DC1}"
	ProjectSection(ProjectDependencies) = postProject
		{7A76C388-A8FB-4949-8170-24D4742E934E} = {7A76C388-A8FB-4949-8170-24D4742E934E}
		{2BE5FAC1-7FB7-45C3-9215-31A5BC4B964F} = {2BE5FAC1-7FB7-45C3-9215-31A5BC4B964F}
		{DE76D5C7-B99C-4467-8408-78173BDD84E0} = {DE76D5C7-B99C-4467-8408-78173BDD84E0}
	EndProjectSection
EndProject
Project("{930C7802-8A8C-48F9-8165-68863BCCD9DD}") = "MtApi5Installer", "MtApi5Installer\MtApi5Installer.wixproj", "{A9ED070F-AB4D-4380-9DDE-5D931AC71333}"
	ProjectSection(ProjectDependencies) = postProject
		{AC8B5010-DA75-477E-9CA5-547C649E12D8} = {AC8B5010-DA75-477E-9CA5-547C649E12D8}
		{CB6D4A3E-2F2E-4C67-929D-3C2A8FD1C556} = {CB6D4A3E-2F2E-4C67-929D-3C2A8FD1C556}
		{DE76D5C7-B99C-4467-8408-78173BDD84E0} = {DE76D5C7-B99C-4467-8408-78173BDD84E0}
	EndProjectSection
EndProject
Project("{FAE04EC0-301F-11D3-BF4B-00C04F79EFBC}") = "MtApiSetupActions", "MtApiSetupActions\MtApiSetupActions.csproj", "{10800F37-F71B-4818-8351-8CF744295F80}"
EndProject
Project("{2150E333-8FDC-42A3-9474-1A3956D46DE8}") = "TestClients", "TestClients", "{B91FF338-E05D-4EF1-948B-A2376DB37ECA}"
EndProject
Global
	GlobalSection(SolutionConfigurationPlatforms) = preSolution
		Debug|Any CPU = Debug|Any CPU
		Debug|Win32 = Debug|Win32
		Debug|x64 = Debug|x64
		Debug|x86 = Debug|x86
		Release|Any CPU = Release|Any CPU
		Release|Win32 = Release|Win32
		Release|x64 = Release|x64
		Release|x86 = Release|x86
	EndGlobalSection
	GlobalSection(ProjectConfigurationPlatforms) = postSolution
		{663CC515-EAAE-47D4-8933-5008C2DA1160}.Debug|Any CPU.ActiveCfg = Debug|Any CPU
		{663CC515-EAAE-47D4-8933-5008C2DA1160}.Debug|Any CPU.Build.0 = Debug|Any CPU
		{663CC515-EAAE-47D4-8933-5008C2DA1160}.Debug|Win32.ActiveCfg = Debug|x86
		{663CC515-EAAE-47D4-8933-5008C2DA1160}.Debug|x64.ActiveCfg = Debug|Any CPU
		{663CC515-EAAE-47D4-8933-5008C2DA1160}.Debug|x86.ActiveCfg = Debug|x86
		{663CC515-EAAE-47D4-8933-5008C2DA1160}.Debug|x86.Build.0 = Debug|x86
		{663CC515-EAAE-47D4-8933-5008C2DA1160}.Release|Any CPU.ActiveCfg = Release|Any CPU
		{663CC515-EAAE-47D4-8933-5008C2DA1160}.Release|Any CPU.Build.0 = Release|Any CPU
		{663CC515-EAAE-47D4-8933-5008C2DA1160}.Release|Win32.ActiveCfg = Release|x86
		{663CC515-EAAE-47D4-8933-5008C2DA1160}.Release|x64.ActiveCfg = Release|Any CPU
		{663CC515-EAAE-47D4-8933-5008C2DA1160}.Release|x64.Build.0 = Release|Any CPU
		{663CC515-EAAE-47D4-8933-5008C2DA1160}.Release|x86.ActiveCfg = Release|x86
		{663CC515-EAAE-47D4-8933-5008C2DA1160}.Release|x86.Build.0 = Release|x86
		{DE76D5C7-B99C-4467-8408-78173BDD84E0}.Debug|Any CPU.ActiveCfg = Debug|Any CPU
		{DE76D5C7-B99C-4467-8408-78173BDD84E0}.Debug|Any CPU.Build.0 = Debug|Any CPU
		{DE76D5C7-B99C-4467-8408-78173BDD84E0}.Debug|Win32.ActiveCfg = Debug|Any CPU
		{DE76D5C7-B99C-4467-8408-78173BDD84E0}.Debug|Win32.Build.0 = Debug|Any CPU
		{DE76D5C7-B99C-4467-8408-78173BDD84E0}.Debug|x64.ActiveCfg = Debug|Any CPU
		{DE76D5C7-B99C-4467-8408-78173BDD84E0}.Debug|x64.Build.0 = Debug|Any CPU
		{DE76D5C7-B99C-4467-8408-78173BDD84E0}.Debug|x86.ActiveCfg = Debug|Any CPU
		{DE76D5C7-B99C-4467-8408-78173BDD84E0}.Release|Any CPU.ActiveCfg = Release|Any CPU
		{DE76D5C7-B99C-4467-8408-78173BDD84E0}.Release|Any CPU.Build.0 = Release|Any CPU
		{DE76D5C7-B99C-4467-8408-78173BDD84E0}.Release|Win32.ActiveCfg = Release|Any CPU
		{DE76D5C7-B99C-4467-8408-78173BDD84E0}.Release|Win32.Build.0 = Release|Any CPU
		{DE76D5C7-B99C-4467-8408-78173BDD84E0}.Release|x64.ActiveCfg = Release|Any CPU
		{DE76D5C7-B99C-4467-8408-78173BDD84E0}.Release|x64.Build.0 = Release|Any CPU
		{DE76D5C7-B99C-4467-8408-78173BDD84E0}.Release|x86.ActiveCfg = Release|Any CPU
		{DE76D5C7-B99C-4467-8408-78173BDD84E0}.Release|x86.Build.0 = Release|Any CPU
		{2BE5FAC1-7FB7-45C3-9215-31A5BC4B964F}.Debug|Any CPU.ActiveCfg = Debug|Win32
		{2BE5FAC1-7FB7-45C3-9215-31A5BC4B964F}.Debug|Win32.ActiveCfg = Debug|Win32
		{2BE5FAC1-7FB7-45C3-9215-31A5BC4B964F}.Debug|Win32.Build.0 = Debug|Win32
		{2BE5FAC1-7FB7-45C3-9215-31A5BC4B964F}.Debug|x64.ActiveCfg = Debug|Win32
		{2BE5FAC1-7FB7-45C3-9215-31A5BC4B964F}.Debug|x86.ActiveCfg = Debug|Win32
		{2BE5FAC1-7FB7-45C3-9215-31A5BC4B964F}.Debug|x86.Build.0 = Debug|Win32
		{2BE5FAC1-7FB7-45C3-9215-31A5BC4B964F}.Release|Any CPU.ActiveCfg = Release|Win32
		{2BE5FAC1-7FB7-45C3-9215-31A5BC4B964F}.Release|Win32.ActiveCfg = Release|Win32
		{2BE5FAC1-7FB7-45C3-9215-31A5BC4B964F}.Release|Win32.Build.0 = Release|Win32
		{2BE5FAC1-7FB7-45C3-9215-31A5BC4B964F}.Release|x64.ActiveCfg = Release|Win32
		{2BE5FAC1-7FB7-45C3-9215-31A5BC4B964F}.Release|x86.ActiveCfg = Release|Win32
		{2BE5FAC1-7FB7-45C3-9215-31A5BC4B964F}.Release|x86.Build.0 = Release|Win32
		{7A76C388-A8FB-4949-8170-24D4742E934E}.Debug|Any CPU.ActiveCfg = Debug|Any CPU
		{7A76C388-A8FB-4949-8170-24D4742E934E}.Debug|Any CPU.Build.0 = Debug|Any CPU
		{7A76C388-A8FB-4949-8170-24D4742E934E}.Debug|Win32.ActiveCfg = Debug|Any CPU
		{7A76C388-A8FB-4949-8170-24D4742E934E}.Debug|Win32.Build.0 = Debug|Any CPU
		{7A76C388-A8FB-4949-8170-24D4742E934E}.Debug|x64.ActiveCfg = Debug|Any CPU
		{7A76C388-A8FB-4949-8170-24D4742E934E}.Debug|x86.ActiveCfg = Debug|Any CPU
		{7A76C388-A8FB-4949-8170-24D4742E934E}.Release|Any CPU.ActiveCfg = Release|Any CPU
		{7A76C388-A8FB-4949-8170-24D4742E934E}.Release|Any CPU.Build.0 = Release|Any CPU
		{7A76C388-A8FB-4949-8170-24D4742E934E}.Release|Win32.ActiveCfg = Release|Any CPU
		{7A76C388-A8FB-4949-8170-24D4742E934E}.Release|Win32.Build.0 = Release|Any CPU
		{7A76C388-A8FB-4949-8170-24D4742E934E}.Release|x64.ActiveCfg = Release|Any CPU
		{7A76C388-A8FB-4949-8170-24D4742E934E}.Release|x86.ActiveCfg = Release|Any CPU
		{7A76C388-A8FB-4949-8170-24D4742E934E}.Release|x86.Build.0 = Release|Any CPU
		{AC8B5010-DA75-477E-9CA5-547C649E12D8}.Debug|Any CPU.ActiveCfg = Debug|Any CPU
		{AC8B5010-DA75-477E-9CA5-547C649E12D8}.Debug|Any CPU.Build.0 = Debug|Any CPU
		{AC8B5010-DA75-477E-9CA5-547C649E12D8}.Debug|Win32.ActiveCfg = Debug|Any CPU
		{AC8B5010-DA75-477E-9CA5-547C649E12D8}.Debug|Win32.Build.0 = Debug|Any CPU
		{AC8B5010-DA75-477E-9CA5-547C649E12D8}.Debug|x64.ActiveCfg = Debug|Any CPU
		{AC8B5010-DA75-477E-9CA5-547C649E12D8}.Debug|x64.Build.0 = Debug|Any CPU
		{AC8B5010-DA75-477E-9CA5-547C649E12D8}.Debug|x86.ActiveCfg = Debug|Any CPU
		{AC8B5010-DA75-477E-9CA5-547C649E12D8}.Release|Any CPU.ActiveCfg = Release|Any CPU
		{AC8B5010-DA75-477E-9CA5-547C649E12D8}.Release|Any CPU.Build.0 = Release|Any CPU
		{AC8B5010-DA75-477E-9CA5-547C649E12D8}.Release|Win32.ActiveCfg = Release|Any CPU
		{AC8B5010-DA75-477E-9CA5-547C649E12D8}.Release|Win32.Build.0 = Release|Any CPU
		{AC8B5010-DA75-477E-9CA5-547C649E12D8}.Release|x64.ActiveCfg = Release|Any CPU
		{AC8B5010-DA75-477E-9CA5-547C649E12D8}.Release|x64.Build.0 = Release|Any CPU
		{AC8B5010-DA75-477E-9CA5-547C649E12D8}.Release|x86.ActiveCfg = Release|Any CPU
		{AC8B5010-DA75-477E-9CA5-547C649E12D8}.Release|x86.Build.0 = Release|Any CPU
		{CB6D4A3E-2F2E-4C67-929D-3C2A8FD1C556}.Debug|Any CPU.ActiveCfg = Debug|Win32
		{CB6D4A3E-2F2E-4C67-929D-3C2A8FD1C556}.Debug|Win32.ActiveCfg = Debug|Win32
		{CB6D4A3E-2F2E-4C67-929D-3C2A8FD1C556}.Debug|Win32.Build.0 = Debug|Win32
		{CB6D4A3E-2F2E-4C67-929D-3C2A8FD1C556}.Debug|x64.ActiveCfg = Debug|x64
		{CB6D4A3E-2F2E-4C67-929D-3C2A8FD1C556}.Debug|x64.Build.0 = Debug|x64
		{CB6D4A3E-2F2E-4C67-929D-3C2A8FD1C556}.Debug|x86.ActiveCfg = Debug|Win32
		{CB6D4A3E-2F2E-4C67-929D-3C2A8FD1C556}.Debug|x86.Build.0 = Debug|Win32
		{CB6D4A3E-2F2E-4C67-929D-3C2A8FD1C556}.Release|Any CPU.ActiveCfg = Release|Win32
		{CB6D4A3E-2F2E-4C67-929D-3C2A8FD1C556}.Release|Win32.ActiveCfg = Release|Win32
		{CB6D4A3E-2F2E-4C67-929D-3C2A8FD1C556}.Release|Win32.Build.0 = Release|Win32
		{CB6D4A3E-2F2E-4C67-929D-3C2A8FD1C556}.Release|x64.ActiveCfg = Release|x64
		{CB6D4A3E-2F2E-4C67-929D-3C2A8FD1C556}.Release|x64.Build.0 = Release|x64
		{CB6D4A3E-2F2E-4C67-929D-3C2A8FD1C556}.Release|x86.ActiveCfg = Release|Win32
		{CB6D4A3E-2F2E-4C67-929D-3C2A8FD1C556}.Release|x86.Build.0 = Release|Win32
		{38B9C657-BC2F-44F0-8824-54B31F2A64F5}.Debug|Any CPU.ActiveCfg = Debug|Any CPU
		{38B9C657-BC2F-44F0-8824-54B31F2A64F5}.Debug|Any CPU.Build.0 = Debug|Any CPU
		{38B9C657-BC2F-44F0-8824-54B31F2A64F5}.Debug|Win32.ActiveCfg = Debug|x86
		{38B9C657-BC2F-44F0-8824-54B31F2A64F5}.Debug|x64.ActiveCfg = Debug|Any CPU
		{38B9C657-BC2F-44F0-8824-54B31F2A64F5}.Debug|x64.Build.0 = Debug|Any CPU
		{38B9C657-BC2F-44F0-8824-54B31F2A64F5}.Debug|x86.ActiveCfg = Debug|x86
		{38B9C657-BC2F-44F0-8824-54B31F2A64F5}.Debug|x86.Build.0 = Debug|x86
		{38B9C657-BC2F-44F0-8824-54B31F2A64F5}.Release|Any CPU.ActiveCfg = Release|Any CPU
		{38B9C657-BC2F-44F0-8824-54B31F2A64F5}.Release|Any CPU.Build.0 = Release|Any CPU
		{38B9C657-BC2F-44F0-8824-54B31F2A64F5}.Release|Win32.ActiveCfg = Release|x86
		{38B9C657-BC2F-44F0-8824-54B31F2A64F5}.Release|x64.ActiveCfg = Release|Any CPU
		{38B9C657-BC2F-44F0-8824-54B31F2A64F5}.Release|x64.Build.0 = Release|Any CPU
		{38B9C657-BC2F-44F0-8824-54B31F2A64F5}.Release|x86.ActiveCfg = Release|x86
		{38B9C657-BC2F-44F0-8824-54B31F2A64F5}.Release|x86.Build.0 = Release|x86
		{EB7C228D-9494-4985-845E-B8312450DF3D}.Debug|Any CPU.ActiveCfg = Debug|x86
		{EB7C228D-9494-4985-845E-B8312450DF3D}.Debug|Win32.ActiveCfg = Debug|x86
		{EB7C228D-9494-4985-845E-B8312450DF3D}.Debug|x64.ActiveCfg = Debug|x86
		{EB7C228D-9494-4985-845E-B8312450DF3D}.Debug|x86.ActiveCfg = Debug|x86
		{EB7C228D-9494-4985-845E-B8312450DF3D}.Debug|x86.Build.0 = Debug|x86
		{EB7C228D-9494-4985-845E-B8312450DF3D}.Release|Any CPU.ActiveCfg = Release|x86
		{EB7C228D-9494-4985-845E-B8312450DF3D}.Release|Win32.ActiveCfg = Release|x86
		{EB7C228D-9494-4985-845E-B8312450DF3D}.Release|x64.ActiveCfg = Release|x86
		{EB7C228D-9494-4985-845E-B8312450DF3D}.Release|x86.ActiveCfg = Release|x86
		{EB7C228D-9494-4985-845E-B8312450DF3D}.Release|x86.Build.0 = Release|x86
		{78B94552-DB17-40EC-B7C6-23D32DB85DC1}.Debug|Any CPU.ActiveCfg = Debug|x86
		{78B94552-DB17-40EC-B7C6-23D32DB85DC1}.Debug|Win32.ActiveCfg = Debug|x86
		{78B94552-DB17-40EC-B7C6-23D32DB85DC1}.Debug|Win32.Build.0 = Debug|x86
		{78B94552-DB17-40EC-B7C6-23D32DB85DC1}.Debug|x64.ActiveCfg = Debug|x86
		{78B94552-DB17-40EC-B7C6-23D32DB85DC1}.Debug|x86.ActiveCfg = Debug|x86
		{78B94552-DB17-40EC-B7C6-23D32DB85DC1}.Debug|x86.Build.0 = Debug|x86
		{78B94552-DB17-40EC-B7C6-23D32DB85DC1}.Release|Any CPU.ActiveCfg = Release|x86
		{78B94552-DB17-40EC-B7C6-23D32DB85DC1}.Release|Win32.ActiveCfg = Release|x86
		{78B94552-DB17-40EC-B7C6-23D32DB85DC1}.Release|Win32.Build.0 = Release|x86
		{78B94552-DB17-40EC-B7C6-23D32DB85DC1}.Release|x64.ActiveCfg = Release|x86
		{78B94552-DB17-40EC-B7C6-23D32DB85DC1}.Release|x86.ActiveCfg = Release|x86
		{78B94552-DB17-40EC-B7C6-23D32DB85DC1}.Release|x86.Build.0 = Release|x86
		{A9ED070F-AB4D-4380-9DDE-5D931AC71333}.Debug|Any CPU.ActiveCfg = Debug|x86
		{A9ED070F-AB4D-4380-9DDE-5D931AC71333}.Debug|Win32.ActiveCfg = Debug|x86
		{A9ED070F-AB4D-4380-9DDE-5D931AC71333}.Debug|Win32.Build.0 = Debug|x86
		{A9ED070F-AB4D-4380-9DDE-5D931AC71333}.Debug|x64.ActiveCfg = Debug|x64
		{A9ED070F-AB4D-4380-9DDE-5D931AC71333}.Debug|x64.Build.0 = Debug|x64
		{A9ED070F-AB4D-4380-9DDE-5D931AC71333}.Debug|x86.ActiveCfg = Debug|x86
		{A9ED070F-AB4D-4380-9DDE-5D931AC71333}.Debug|x86.Build.0 = Debug|x86
		{A9ED070F-AB4D-4380-9DDE-5D931AC71333}.Release|Any CPU.ActiveCfg = Release|x86
		{A9ED070F-AB4D-4380-9DDE-5D931AC71333}.Release|Win32.ActiveCfg = Release|x86
		{A9ED070F-AB4D-4380-9DDE-5D931AC71333}.Release|Win32.Build.0 = Release|x86
		{A9ED070F-AB4D-4380-9DDE-5D931AC71333}.Release|x64.ActiveCfg = Release|x64
		{A9ED070F-AB4D-4380-9DDE-5D931AC71333}.Release|x64.Build.0 = Release|x64
		{A9ED070F-AB4D-4380-9DDE-5D931AC71333}.Release|x86.ActiveCfg = Release|x86
		{A9ED070F-AB4D-4380-9DDE-5D931AC71333}.Release|x86.Build.0 = Release|x86
		{10800F37-F71B-4818-8351-8CF744295F80}.Debug|Any CPU.ActiveCfg = Debug|x86
		{10800F37-F71B-4818-8351-8CF744295F80}.Debug|Win32.ActiveCfg = Debug|x86
		{10800F37-F71B-4818-8351-8CF744295F80}.Debug|Win32.Build.0 = Debug|x86
		{10800F37-F71B-4818-8351-8CF744295F80}.Debug|x64.ActiveCfg = Debug|x86
		{10800F37-F71B-4818-8351-8CF744295F80}.Debug|x86.ActiveCfg = Debug|x86
		{10800F37-F71B-4818-8351-8CF744295F80}.Debug|x86.Build.0 = Debug|x86
		{10800F37-F71B-4818-8351-8CF744295F80}.Release|Any CPU.ActiveCfg = Release|x86
		{10800F37-F71B-4818-8351-8CF744295F80}.Release|Win32.ActiveCfg = Release|x86
		{10800F37-F71B-4818-8351-8CF744295F80}.Release|Win32.Build.0 = Release|x86
		{10800F37-F71B-4818-8351-8CF744295F80}.Release|x64.ActiveCfg = Release|x86
		{10800F37-F71B-4818-8351-8CF744295F80}.Release|x86.ActiveCfg = Release|x86
		{10800F37-F71B-4818-8351-8CF744295F80}.Release|x86.Build.0 = Release|x86
	EndGlobalSection
	GlobalSection(SolutionProperties) = preSolution
		HideSolutionNode = FALSE
	EndGlobalSection
	GlobalSection(NestedProjects) = preSolution
		{663CC515-EAAE-47D4-8933-5008C2DA1160} = {B91FF338-E05D-4EF1-948B-A2376DB37ECA}
		{38B9C657-BC2F-44F0-8824-54B31F2A64F5} = {B91FF338-E05D-4EF1-948B-A2376DB37ECA}
		{EB7C228D-9494-4985-845E-B8312450DF3D} = {B91FF338-E05D-4EF1-948B-A2376DB37ECA}
	EndGlobalSection
EndGlobal
