
Microsoft Visual Studio Solution File, Format Version 12.00
# Visual Studio Version 17
VisualStudioVersion = 17.4.33403.182
MinimumVisualStudioVersion = 10.0.40219.1
Project("{9A19103F-16F7-4668-BE54-9A1E7A4F7556}") = "MtClient", "MtClient\MtClient.csproj", "{AFF2F448-BCB5-4A0F-97CC-85F6E389FD4E}"
EndProject
Project("{8BC9CEB8-8B4A-11D0-8D11-00A0C91BC942}") = "MtService", "MtService\MtService.vcxproj", "{3EFFFF03-2A1D-48AA-A49A-9F90889F31E0}"
EndProject
Project("{8BC9CEB8-8B4A-11D0-8D11-00A0C91BC942}") = "MT5Connector", "MT5Connector\MT5Connector.vcxproj", "{CB6D4A3E-2F2E-4C67-929D-3C2A8FD1C556}"
EndProject
Global
	GlobalSection(SolutionConfigurationPlatforms) = preSolution
		Debug|Any CPU = Debug|Any CPU
		Debug|x64 = Debug|x64
		Debug|x86 = Debug|x86
		Release|Any CPU = Release|Any CPU
		Release|x64 = Release|x64
		Release|x86 = Release|x86
	EndGlobalSection
	GlobalSection(ProjectConfigurationPlatforms) = postSolution
		{AFF2F448-BCB5-4A0F-97CC-85F6E389FD4E}.Debug|Any CPU.ActiveCfg = Debug|Any CPU
		{AFF2F448-BCB5-4A0F-97CC-85F6E389FD4E}.Debug|Any CPU.Build.0 = Debug|Any CPU
		{AFF2F448-BCB5-4A0F-97CC-85F6E389FD4E}.Debug|x64.ActiveCfg = Debug|Any CPU
		{AFF2F448-BCB5-4A0F-97CC-85F6E389FD4E}.Debug|x64.Build.0 = Debug|Any CPU
		{AFF2F448-BCB5-4A0F-97CC-85F6E389FD4E}.Debug|x86.ActiveCfg = Debug|Any CPU
		{AFF2F448-BCB5-4A0F-97CC-85F6E389FD4E}.Debug|x86.Build.0 = Debug|Any CPU
		{AFF2F448-BCB5-4A0F-97CC-85F6E389FD4E}.Release|Any CPU.ActiveCfg = Release|Any CPU
		{AFF2F448-BCB5-4A0F-97CC-85F6E389FD4E}.Release|Any CPU.Build.0 = Release|Any CPU
		{AFF2F448-BCB5-4A0F-97CC-85F6E389FD4E}.Release|x64.ActiveCfg = Release|Any CPU
		{AFF2F448-BCB5-4A0F-97CC-85F6E389FD4E}.Release|x64.Build.0 = Release|Any CPU
		{AFF2F448-BCB5-4A0F-97CC-85F6E389FD4E}.Release|x86.ActiveCfg = Release|Any CPU
		{AFF2F448-BCB5-4A0F-97CC-85F6E389FD4E}.Release|x86.Build.0 = Release|Any CPU
		{3EFFFF03-2A1D-48AA-A49A-9F90889F31E0}.Debug|Any CPU.ActiveCfg = Debug|x64
		{3EFFFF03-2A1D-48AA-A49A-9F90889F31E0}.Debug|Any CPU.Build.0 = Debug|x64
		{3EFFFF03-2A1D-48AA-A49A-9F90889F31E0}.Debug|x64.ActiveCfg = Debug|x64
		{3EFFFF03-2A1D-48AA-A49A-9F90889F31E0}.Debug|x64.Build.0 = Debug|x64
		{3EFFFF03-2A1D-48AA-A49A-9F90889F31E0}.Debug|x86.ActiveCfg = Debug|Win32
		{3EFFFF03-2A1D-48AA-A49A-9F90889F31E0}.Debug|x86.Build.0 = Debug|Win32
		{3EFFFF03-2A1D-48AA-A49A-9F90889F31E0}.Release|Any CPU.ActiveCfg = Release|x64
		{3EFFFF03-2A1D-48AA-A49A-9F90889F31E0}.Release|Any CPU.Build.0 = Release|x64
		{3EFFFF03-2A1D-48AA-A49A-9F90889F31E0}.Release|x64.ActiveCfg = Release|x64
		{3EFFFF03-2A1D-48AA-A49A-9F90889F31E0}.Release|x64.Build.0 = Release|x64
		{3EFFFF03-2A1D-48AA-A49A-9F90889F31E0}.Release|x86.ActiveCfg = Release|Win32
		{3EFFFF03-2A1D-48AA-A49A-9F90889F31E0}.Release|x86.Build.0 = Release|Win32
		{CB6D4A3E-2F2E-4C67-929D-3C2A8FD1C556}.Debug|Any CPU.ActiveCfg = Debug|x64
		{CB6D4A3E-2F2E-4C67-929D-3C2A8FD1C556}.Debug|Any CPU.Build.0 = Debug|x64
		{CB6D4A3E-2F2E-4C67-929D-3C2A8FD1C556}.Debug|x64.ActiveCfg = Debug|x64
		{CB6D4A3E-2F2E-4C67-929D-3C2A8FD1C556}.Debug|x64.Build.0 = Debug|x64
		{CB6D4A3E-2F2E-4C67-929D-3C2A8FD1C556}.Debug|x86.ActiveCfg = Debug|Win32
		{CB6D4A3E-2F2E-4C67-929D-3C2A8FD1C556}.Debug|x86.Build.0 = Debug|Win32
		{CB6D4A3E-2F2E-4C67-929D-3C2A8FD1C556}.Release|Any CPU.ActiveCfg = Release|x64
		{CB6D4A3E-2F2E-4C67-929D-3C2A8FD1C556}.Release|Any CPU.Build.0 = Release|x64
		{CB6D4A3E-2F2E-4C67-929D-3C2A8FD1C556}.Release|x64.ActiveCfg = Release|x64
		{CB6D4A3E-2F2E-4C67-929D-3C2A8FD1C556}.Release|x64.Build.0 = Release|x64
		{CB6D4A3E-2F2E-4C67-929D-3C2A8FD1C556}.Release|x86.ActiveCfg = Release|Win32
		{CB6D4A3E-2F2E-4C67-929D-3C2A8FD1C556}.Release|x86.Build.0 = Release|Win32
	EndGlobalSection
	GlobalSection(SolutionProperties) = preSolution
		HideSolutionNode = FALSE
	EndGlobalSection
	GlobalSection(ExtensibilityGlobals) = postSolution
		SolutionGuid = {7F3C954E-FEF0-4161-B557-9F8D62D7A39F}
	EndGlobalSection
EndGlobal
